
Microsoft Visual Studio Solution File, Format Version 12.00
# Visual Studio Version 17
VisualStudioVersion = 17.9.34902.65
MinimumVisualStudioVersion = 10.0.40219.1
Project("{9A19103F-16F7-4668-BE54-9A1E7A4F7556}") = "A- arrays", "arrays\A- arrays.csproj", "{6A7275A9-0A0E-4D0C-A9AE-F5CB70088434}"
EndProject
Project("{9A19103F-16F7-4668-BE54-9A1E7A4F7556}") = "B- Expressions", "Expressions\B- Expressions.csproj", "{FD984F99-3D45-480A-9D0E-8914573ECB0D}"
EndProject
Project("{9A19103F-16F7-4668-BE54-9A1E7A4F7556}") = "C- Type Conversion", "Type Conversion\C- Type Conversion.csproj", "{83613B24-B50D-4210-8EF6-7721FD6C5A55}"
EndProject
Project("{9A19103F-16F7-4668-BE54-9A1E7A4F7556}") = "D- OOP - Field & Constant", "OOP - Field & Constant\D- OOP - Field & Constant.csproj", "{85A8C405-61D4-4DC2-9311-0C20E02A5E01}"
EndProject
Project("{9A19103F-16F7-4668-BE54-9A1E7A4F7556}") = "E- Methods", "Methods\E- Methods.csproj", "{E1E4B77B-C442-4019-AFFB-68F70019173F}"
EndProject
Project("{9A19103F-16F7-4668-BE54-9A1E7A4F7556}") = "F- Constructor", "6 Constructor\F- Constructor.csproj", "{170D9014-CC50-4120-9AD8-D197A54FF49A}"
EndProject
Project("{9A19103F-16F7-4668-BE54-9A1E7A4F7556}") = "G- Properties", "7 Properties\G- Properties.csproj", "{1ACBA648-D1C9-449D-9316-E23A2E0CB165}"
EndProject
Project("{9A19103F-16F7-4668-BE54-9A1E7A4F7556}") = "H- indexers", "8 indexers\H- indexers.csproj", "{39D6F156-DA8E-40AD-8082-C83C3BA4F9DD}"
EndProject
Project("{9A19103F-16F7-4668-BE54-9A1E7A4F7556}") = "I- Delegate", "9 Delegate\I- Delegate.csproj", "{43874D03-A837-4002-BC97-45858847B7E1}"
EndProject
Project("{9A19103F-16F7-4668-BE54-9A1E7A4F7556}") = "J- Events", "10 Events\J- Events.csproj", "{C48B9DD1-1B82-4D37-96E1-2B88BA76B9B5}"
EndProject
Project("{9A19103F-16F7-4668-BE54-9A1E7A4F7556}") = "k- Operator Overloading", "H- Operator Overloading\k- Operator Overloading.csproj", "{1C686670-95E6-4EDA-BC7A-7BABF1E29493}"
EndProject
Project("{9A19103F-16F7-4668-BE54-9A1E7A4F7556}") = "L- Finalizer", "L- Finalizer\L- Finalizer.csproj", "{0289B3AF-F12E-491E-AB49-C0776F839278}"
EndProject
Project("{9A19103F-16F7-4668-BE54-9A1E7A4F7556}") = "M- Nested Types", "M- Nested Types\M- Nested Types.csproj", "{54382C36-759E-4E0C-A72E-B6DC5F7A9466}"
EndProject
Project("{9A19103F-16F7-4668-BE54-9A1E7A4F7556}") = "N- Struct", "N- Debugging\N- Struct.csproj", "{95393B8C-F279-4FAC-AE45-83C18DF2570E}"
EndProject
Project("{9A19103F-16F7-4668-BE54-9A1E7A4F7556}") = "O- Enums", "Enums\O- Enums.csproj", "{05EDF04D-79EF-4746-893A-76B0A6DB149A}"
EndProject
Project("{9A19103F-16F7-4668-BE54-9A1E7A4F7556}") = "P- Inheritance", "P- Inheritance\P- Inheritance.csproj", "{FE261CD4-9BA3-4034-865B-2219F3D49527}"
EndProject
Project("{9A19103F-16F7-4668-BE54-9A1E7A4F7556}") = "Q- Interface", "Q- Interface\Q- Interface.csproj", "{6506E48B-1FE5-4D65-BEBF-F29AD02891DB}"
EndProject
Project("{9A19103F-16F7-4668-BE54-9A1E7A4F7556}") = "R- Generics", "R- Generics\R- Generics.csproj", "{E3C84CA4-2E04-4CC8-A0C5-86FA22D6E669}"
EndProject
Project("{9A19103F-16F7-4668-BE54-9A1E7A4F7556}") = "S- Generic Delegate", "S- Generic Delegate\S- Generic Delegate.csproj", "{E0BA07D9-0AAE-4DDA-A3B5-91EC71049CB7}"
EndProject
Project("{9A19103F-16F7-4668-BE54-9A1E7A4F7556}") = "T- Exceptions", "T- Exceptions\T- Exceptions.csproj", "{2B9511FB-7EF5-4216-A55D-70E63B91F45B}"
EndProject
Project("{9A19103F-16F7-4668-BE54-9A1E7A4F7556}") = "U- Enumerators Iterators", "U- Enumerators Iterators\U- Enumerators Iterators.csproj", "{DD2A855A-609A-4BB3-8256-4257126EFBCE}"
EndProject
Project("{9A19103F-16F7-4668-BE54-9A1E7A4F7556}") = "V- XML Documentation", "V- XML Documentation\V- XML Documentation.csproj", "{84221AB2-CEEE-4B6E-AA25-2AB8E4B45CB1}"
EndProject
Project("{9A19103F-16F7-4668-BE54-9A1E7A4F7556}") = "W- Extension Methods", "W- Extension Methods\W- Extension Methods.csproj", "{02045553-C830-44EF-8592-EDD8FA7E167F}"
EndProject
Project("{9A19103F-16F7-4668-BE54-9A1E7A4F7556}") = "Y- Reflection And Metadata", "Y- Reflection And Metadata\Y- Reflection And Metadata.csproj", "{AA24C2B6-7CDB-4391-962F-177A8ED7612B}"
EndProject
Project("{9A19103F-16F7-4668-BE54-9A1E7A4F7556}") = "X- Assemblies", "X- Assemblies\X- Assemblies.csproj", "{6DB710CA-E9F0-4C3E-B2D4-771BAA5BFB22}"
EndProject
Project("{9A19103F-16F7-4668-BE54-9A1E7A4F7556}") = "X- ClassLibrary", "X- ClassLibrary\X- ClassLibrary.csproj", "{BCFE30D0-86A1-48FC-8362-A6926BB2351C}"
EndProject
Project("{9A19103F-16F7-4668-BE54-9A1E7A4F7556}") = "Z- Attributes", "Z- Attributes\Z- Attributes.csproj", "{6F9E8A70-589C-4E12-B056-05B69176C78E}"
EndProject
Project("{9A19103F-16F7-4668-BE54-9A1E7A4F7556}") = "ZA- Lists And Dictionaries", "Z1- Lists And Dictionaries\ZA- Lists And Dictionaries.csproj", "{774F7056-4C12-4EDF-806E-87961A212E67}"
EndProject
Project("{9A19103F-16F7-4668-BE54-9A1E7A4F7556}") = "ZB- Stack and Queue", "Stack and Queue\ZB- Stack and Queue.csproj", "{1D308F9A-B36A-4D8A-A98A-AD35DF8C21B6}"
EndProject
Project("{9A19103F-16F7-4668-BE54-9A1E7A4F7556}") = "ZC- LinkedList", "ZC- LinkedList HashSet SortedSet\ZC- LinkedList.csproj", "{805F6CB1-E384-4190-A431-FA2918B69914}"
EndProject
Project("{9A19103F-16F7-4668-BE54-9A1E7A4F7556}") = "ZD- HashSet SortedSet", "ZD- HashSet\ZD- HashSet SortedSet.csproj", "{B71D705E-428F-48A5-BD44-D7DD40F2B7A4}"
EndProject
Project("{9A19103F-16F7-4668-BE54-9A1E7A4F7556}") = "ZE- Stream IO", "ZE- Stream IO\ZE- Stream IO.csproj", "{515F3245-F2E0-48EC-ADF3-7053A572976F}"
EndProject
Project("{9A19103F-16F7-4668-BE54-9A1E7A4F7556}") = "ZF- Nuget Packages and Packaging", "ZF- Nuget Packages and Packaging\ZF- Nuget Packages and Packaging.csproj", "{58D908DD-8971-456C-BFB6-5D58B2F657B0}"
EndProject
Project("{9A19103F-16F7-4668-BE54-9A1E7A4F7556}") = "ZJ- Foreach  Yield Deep Dive", "J- Foreach  Yield Deep Dive\ZJ- Foreach  Yield Deep Dive.csproj", "{E203CA0F-1690-469C-8587-D94EA6AFEA52}"
EndProject
Project("{9A19103F-16F7-4668-BE54-9A1E7A4F7556}") = "ZG- Threading", "ZG- Threading\ZG- Threading.csproj", "{BB8962E8-C43E-4F1A-B9D9-C2906726F4C4}"
EndProject
Project("{9A19103F-16F7-4668-BE54-9A1E7A4F7556}") = "ZH- Asynchronous Programming", "ZH- Asynchronous Programming\ZH- Asynchronous Programming.csproj", "{33EFAEEB-D8C5-42DF-A72B-0F5253BAB55E}"
EndProject
Project("{FAE04EC0-301F-11D3-BF4B-00C04F79EFBC}") = "ZH2- Asynchronous Programming", "ZH2- Asynchronous Programming\ZH2- Asynchronous Programming.csproj", "{72A0DA70-7988-482C-8179-EC3E43D8B19F}"
EndProject
Project("{FAE04EC0-301F-11D3-BF4B-00C04F79EFBC}") = "ZK- Records", "ZK- Records\ZK- Records.csproj", "{E9C3F2A5-EDB2-4891-A3AF-5FA6CEB96EF7}"
EndProject
Global
	GlobalSection(SolutionConfigurationPlatforms) = preSolution
		Debug|Any CPU = Debug|Any CPU
		Release|Any CPU = Release|Any CPU
	EndGlobalSection
	GlobalSection(ProjectConfigurationPlatforms) = postSolution
		{6A7275A9-0A0E-4D0C-A9AE-F5CB70088434}.Debug|Any CPU.ActiveCfg = Debug|Any CPU
		{6A7275A9-0A0E-4D0C-A9AE-F5CB70088434}.Debug|Any CPU.Build.0 = Debug|Any CPU
		{6A7275A9-0A0E-4D0C-A9AE-F5CB70088434}.Release|Any CPU.ActiveCfg = Release|Any CPU
		{6A7275A9-0A0E-4D0C-A9AE-F5CB70088434}.Release|Any CPU.Build.0 = Release|Any CPU
		{FD984F99-3D45-480A-9D0E-8914573ECB0D}.Debug|Any CPU.ActiveCfg = Debug|Any CPU
		{FD984F99-3D45-480A-9D0E-8914573ECB0D}.Debug|Any CPU.Build.0 = Debug|Any CPU
		{FD984F99-3D45-480A-9D0E-8914573ECB0D}.Release|Any CPU.ActiveCfg = Release|Any CPU
		{FD984F99-3D45-480A-9D0E-8914573ECB0D}.Release|Any CPU.Build.0 = Release|Any CPU
		{83613B24-B50D-4210-8EF6-7721FD6C5A55}.Debug|Any CPU.ActiveCfg = Debug|Any CPU
		{83613B24-B50D-4210-8EF6-7721FD6C5A55}.Debug|Any CPU.Build.0 = Debug|Any CPU
		{83613B24-B50D-4210-8EF6-7721FD6C5A55}.Release|Any CPU.ActiveCfg = Release|Any CPU
		{83613B24-B50D-4210-8EF6-7721FD6C5A55}.Release|Any CPU.Build.0 = Release|Any CPU
		{85A8C405-61D4-4DC2-9311-0C20E02A5E01}.Debug|Any CPU.ActiveCfg = Debug|Any CPU
		{85A8C405-61D4-4DC2-9311-0C20E02A5E01}.Debug|Any CPU.Build.0 = Debug|Any CPU
		{85A8C405-61D4-4DC2-9311-0C20E02A5E01}.Release|Any CPU.ActiveCfg = Release|Any CPU
		{85A8C405-61D4-4DC2-9311-0C20E02A5E01}.Release|Any CPU.Build.0 = Release|Any CPU
		{E1E4B77B-C442-4019-AFFB-68F70019173F}.Debug|Any CPU.ActiveCfg = Debug|Any CPU
		{E1E4B77B-C442-4019-AFFB-68F70019173F}.Debug|Any CPU.Build.0 = Debug|Any CPU
		{E1E4B77B-C442-4019-AFFB-68F70019173F}.Release|Any CPU.ActiveCfg = Release|Any CPU
		{E1E4B77B-C442-4019-AFFB-68F70019173F}.Release|Any CPU.Build.0 = Release|Any CPU
		{170D9014-CC50-4120-9AD8-D197A54FF49A}.Debug|Any CPU.ActiveCfg = Debug|Any CPU
		{170D9014-CC50-4120-9AD8-D197A54FF49A}.Debug|Any CPU.Build.0 = Debug|Any CPU
		{170D9014-CC50-4120-9AD8-D197A54FF49A}.Release|Any CPU.ActiveCfg = Release|Any CPU
		{170D9014-CC50-4120-9AD8-D197A54FF49A}.Release|Any CPU.Build.0 = Release|Any CPU
		{1ACBA648-D1C9-449D-9316-E23A2E0CB165}.Debug|Any CPU.ActiveCfg = Debug|Any CPU
		{1ACBA648-D1C9-449D-9316-E23A2E0CB165}.Debug|Any CPU.Build.0 = Debug|Any CPU
		{1ACBA648-D1C9-449D-9316-E23A2E0CB165}.Release|Any CPU.ActiveCfg = Release|Any CPU
		{1ACBA648-D1C9-449D-9316-E23A2E0CB165}.Release|Any CPU.Build.0 = Release|Any CPU
		{39D6F156-DA8E-40AD-8082-C83C3BA4F9DD}.Debug|Any CPU.ActiveCfg = Debug|Any CPU
		{39D6F156-DA8E-40AD-8082-C83C3BA4F9DD}.Debug|Any CPU.Build.0 = Debug|Any CPU
		{39D6F156-DA8E-40AD-8082-C83C3BA4F9DD}.Release|Any CPU.ActiveCfg = Release|Any CPU
		{39D6F156-DA8E-40AD-8082-C83C3BA4F9DD}.Release|Any CPU.Build.0 = Release|Any CPU
		{43874D03-A837-4002-BC97-45858847B7E1}.Debug|Any CPU.ActiveCfg = Debug|Any CPU
		{43874D03-A837-4002-BC97-45858847B7E1}.Debug|Any CPU.Build.0 = Debug|Any CPU
		{43874D03-A837-4002-BC97-45858847B7E1}.Release|Any CPU.ActiveCfg = Release|Any CPU
		{43874D03-A837-4002-BC97-45858847B7E1}.Release|Any CPU.Build.0 = Release|Any CPU
		{C48B9DD1-1B82-4D37-96E1-2B88BA76B9B5}.Debug|Any CPU.ActiveCfg = Debug|Any CPU
		{C48B9DD1-1B82-4D37-96E1-2B88BA76B9B5}.Debug|Any CPU.Build.0 = Debug|Any CPU
		{C48B9DD1-1B82-4D37-96E1-2B88BA76B9B5}.Release|Any CPU.ActiveCfg = Release|Any CPU
		{C48B9DD1-1B82-4D37-96E1-2B88BA76B9B5}.Release|Any CPU.Build.0 = Release|Any CPU
		{1C686670-95E6-4EDA-BC7A-7BABF1E29493}.Debug|Any CPU.ActiveCfg = Debug|Any CPU
		{1C686670-95E6-4EDA-BC7A-7BABF1E29493}.Debug|Any CPU.Build.0 = Debug|Any CPU
		{1C686670-95E6-4EDA-BC7A-7BABF1E29493}.Release|Any CPU.ActiveCfg = Release|Any CPU
		{1C686670-95E6-4EDA-BC7A-7BABF1E29493}.Release|Any CPU.Build.0 = Release|Any CPU
		{0289B3AF-F12E-491E-AB49-C0776F839278}.Debug|Any CPU.ActiveCfg = Debug|Any CPU
		{0289B3AF-F12E-491E-AB49-C0776F839278}.Debug|Any CPU.Build.0 = Debug|Any CPU
		{0289B3AF-F12E-491E-AB49-C0776F839278}.Release|Any CPU.ActiveCfg = Release|Any CPU
		{0289B3AF-F12E-491E-AB49-C0776F839278}.Release|Any CPU.Build.0 = Release|Any CPU
		{54382C36-759E-4E0C-A72E-B6DC5F7A9466}.Debug|Any CPU.ActiveCfg = Debug|Any CPU
		{54382C36-759E-4E0C-A72E-B6DC5F7A9466}.Debug|Any CPU.Build.0 = Debug|Any CPU
		{54382C36-759E-4E0C-A72E-B6DC5F7A9466}.Release|Any CPU.ActiveCfg = Release|Any CPU
		{54382C36-759E-4E0C-A72E-B6DC5F7A9466}.Release|Any CPU.Build.0 = Release|Any CPU
		{95393B8C-F279-4FAC-AE45-83C18DF2570E}.Debug|Any CPU.ActiveCfg = Debug|Any CPU
		{95393B8C-F279-4FAC-AE45-83C18DF2570E}.Debug|Any CPU.Build.0 = Debug|Any CPU
		{95393B8C-F279-4FAC-AE45-83C18DF2570E}.Release|Any CPU.ActiveCfg = Release|Any CPU
		{95393B8C-F279-4FAC-AE45-83C18DF2570E}.Release|Any CPU.Build.0 = Release|Any CPU
		{05EDF04D-79EF-4746-893A-76B0A6DB149A}.Debug|Any CPU.ActiveCfg = Debug|Any CPU
		{05EDF04D-79EF-4746-893A-76B0A6DB149A}.Debug|Any CPU.Build.0 = Debug|Any CPU
		{05EDF04D-79EF-4746-893A-76B0A6DB149A}.Release|Any CPU.ActiveCfg = Release|Any CPU
		{05EDF04D-79EF-4746-893A-76B0A6DB149A}.Release|Any CPU.Build.0 = Release|Any CPU
		{FE261CD4-9BA3-4034-865B-2219F3D49527}.Debug|Any CPU.ActiveCfg = Debug|Any CPU
		{FE261CD4-9BA3-4034-865B-2219F3D49527}.Debug|Any CPU.Build.0 = Debug|Any CPU
		{FE261CD4-9BA3-4034-865B-2219F3D49527}.Release|Any CPU.ActiveCfg = Release|Any CPU
		{FE261CD4-9BA3-4034-865B-2219F3D49527}.Release|Any CPU.Build.0 = Release|Any CPU
		{6506E48B-1FE5-4D65-BEBF-F29AD02891DB}.Debug|Any CPU.ActiveCfg = Debug|Any CPU
		{6506E48B-1FE5-4D65-BEBF-F29AD02891DB}.Debug|Any CPU.Build.0 = Debug|Any CPU
		{6506E48B-1FE5-4D65-BEBF-F29AD02891DB}.Release|Any CPU.ActiveCfg = Release|Any CPU
		{6506E48B-1FE5-4D65-BEBF-F29AD02891DB}.Release|Any CPU.Build.0 = Release|Any CPU
		{E3C84CA4-2E04-4CC8-A0C5-86FA22D6E669}.Debug|Any CPU.ActiveCfg = Debug|Any CPU
		{E3C84CA4-2E04-4CC8-A0C5-86FA22D6E669}.Debug|Any CPU.Build.0 = Debug|Any CPU
		{E3C84CA4-2E04-4CC8-A0C5-86FA22D6E669}.Release|Any CPU.ActiveCfg = Release|Any CPU
		{E3C84CA4-2E04-4CC8-A0C5-86FA22D6E669}.Release|Any CPU.Build.0 = Release|Any CPU
		{E0BA07D9-0AAE-4DDA-A3B5-91EC71049CB7}.Debug|Any CPU.ActiveCfg = Debug|Any CPU
		{E0BA07D9-0AAE-4DDA-A3B5-91EC71049CB7}.Debug|Any CPU.Build.0 = Debug|Any CPU
		{E0BA07D9-0AAE-4DDA-A3B5-91EC71049CB7}.Release|Any CPU.ActiveCfg = Release|Any CPU
		{E0BA07D9-0AAE-4DDA-A3B5-91EC71049CB7}.Release|Any CPU.Build.0 = Release|Any CPU
		{2B9511FB-7EF5-4216-A55D-70E63B91F45B}.Debug|Any CPU.ActiveCfg = Debug|Any CPU
		{2B9511FB-7EF5-4216-A55D-70E63B91F45B}.Debug|Any CPU.Build.0 = Debug|Any CPU
		{2B9511FB-7EF5-4216-A55D-70E63B91F45B}.Release|Any CPU.ActiveCfg = Release|Any CPU
		{2B9511FB-7EF5-4216-A55D-70E63B91F45B}.Release|Any CPU.Build.0 = Release|Any CPU
		{DD2A855A-609A-4BB3-8256-4257126EFBCE}.Debug|Any CPU.ActiveCfg = Debug|Any CPU
		{DD2A855A-609A-4BB3-8256-4257126EFBCE}.Debug|Any CPU.Build.0 = Debug|Any CPU
		{DD2A855A-609A-4BB3-8256-4257126EFBCE}.Release|Any CPU.ActiveCfg = Release|Any CPU
		{DD2A855A-609A-4BB3-8256-4257126EFBCE}.Release|Any CPU.Build.0 = Release|Any CPU
		{84221AB2-CEEE-4B6E-AA25-2AB8E4B45CB1}.Debug|Any CPU.ActiveCfg = Debug|Any CPU
		{84221AB2-CEEE-4B6E-AA25-2AB8E4B45CB1}.Debug|Any CPU.Build.0 = Debug|Any CPU
		{84221AB2-CEEE-4B6E-AA25-2AB8E4B45CB1}.Release|Any CPU.ActiveCfg = Release|Any CPU
		{84221AB2-CEEE-4B6E-AA25-2AB8E4B45CB1}.Release|Any CPU.Build.0 = Release|Any CPU
		{02045553-C830-44EF-8592-EDD8FA7E167F}.Debug|Any CPU.ActiveCfg = Debug|Any CPU
		{02045553-C830-44EF-8592-EDD8FA7E167F}.Debug|Any CPU.Build.0 = Debug|Any CPU
		{02045553-C830-44EF-8592-EDD8FA7E167F}.Release|Any CPU.ActiveCfg = Release|Any CPU
		{02045553-C830-44EF-8592-EDD8FA7E167F}.Release|Any CPU.Build.0 = Release|Any CPU
		{AA24C2B6-7CDB-4391-962F-177A8ED7612B}.Debug|Any CPU.ActiveCfg = Debug|Any CPU
		{AA24C2B6-7CDB-4391-962F-177A8ED7612B}.Debug|Any CPU.Build.0 = Debug|Any CPU
		{AA24C2B6-7CDB-4391-962F-177A8ED7612B}.Release|Any CPU.ActiveCfg = Release|Any CPU
		{AA24C2B6-7CDB-4391-962F-177A8ED7612B}.Release|Any CPU.Build.0 = Release|Any CPU
		{6DB710CA-E9F0-4C3E-B2D4-771BAA5BFB22}.Debug|Any CPU.ActiveCfg = Debug|Any CPU
		{6DB710CA-E9F0-4C3E-B2D4-771BAA5BFB22}.Debug|Any CPU.Build.0 = Debug|Any CPU
		{6DB710CA-E9F0-4C3E-B2D4-771BAA5BFB22}.Release|Any CPU.ActiveCfg = Release|Any CPU
		{6DB710CA-E9F0-4C3E-B2D4-771BAA5BFB22}.Release|Any CPU.Build.0 = Release|Any CPU
		{BCFE30D0-86A1-48FC-8362-A6926BB2351C}.Debug|Any CPU.ActiveCfg = Debug|Any CPU
		{BCFE30D0-86A1-48FC-8362-A6926BB2351C}.Debug|Any CPU.Build.0 = Debug|Any CPU
		{BCFE30D0-86A1-48FC-8362-A6926BB2351C}.Release|Any CPU.ActiveCfg = Release|Any CPU
		{BCFE30D0-86A1-48FC-8362-A6926BB2351C}.Release|Any CPU.Build.0 = Release|Any CPU
		{6F9E8A70-589C-4E12-B056-05B69176C78E}.Debug|Any CPU.ActiveCfg = Debug|Any CPU
		{6F9E8A70-589C-4E12-B056-05B69176C78E}.Debug|Any CPU.Build.0 = Debug|Any CPU
		{6F9E8A70-589C-4E12-B056-05B69176C78E}.Release|Any CPU.ActiveCfg = Release|Any CPU
		{6F9E8A70-589C-4E12-B056-05B69176C78E}.Release|Any CPU.Build.0 = Release|Any CPU
		{774F7056-4C12-4EDF-806E-87961A212E67}.Debug|Any CPU.ActiveCfg = Debug|Any CPU
		{774F7056-4C12-4EDF-806E-87961A212E67}.Debug|Any CPU.Build.0 = Debug|Any CPU
		{774F7056-4C12-4EDF-806E-87961A212E67}.Release|Any CPU.ActiveCfg = Release|Any CPU
		{774F7056-4C12-4EDF-806E-87961A212E67}.Release|Any CPU.Build.0 = Release|Any CPU
		{1D308F9A-B36A-4D8A-A98A-AD35DF8C21B6}.Debug|Any CPU.ActiveCfg = Debug|Any CPU
		{1D308F9A-B36A-4D8A-A98A-AD35DF8C21B6}.Debug|Any CPU.Build.0 = Debug|Any CPU
		{1D308F9A-B36A-4D8A-A98A-AD35DF8C21B6}.Release|Any CPU.ActiveCfg = Release|Any CPU
		{1D308F9A-B36A-4D8A-A98A-AD35DF8C21B6}.Release|Any CPU.Build.0 = Release|Any CPU
		{805F6CB1-E384-4190-A431-FA2918B69914}.Debug|Any CPU.ActiveCfg = Debug|Any CPU
		{805F6CB1-E384-4190-A431-FA2918B69914}.Debug|Any CPU.Build.0 = Debug|Any CPU
		{805F6CB1-E384-4190-A431-FA2918B69914}.Release|Any CPU.ActiveCfg = Release|Any CPU
		{805F6CB1-E384-4190-A431-FA2918B69914}.Release|Any CPU.Build.0 = Release|Any CPU
		{B71D705E-428F-48A5-BD44-D7DD40F2B7A4}.Debug|Any CPU.ActiveCfg = Debug|Any CPU
		{B71D705E-428F-48A5-BD44-D7DD40F2B7A4}.Debug|Any CPU.Build.0 = Debug|Any CPU
		{B71D705E-428F-48A5-BD44-D7DD40F2B7A4}.Release|Any CPU.ActiveCfg = Release|Any CPU
		{B71D705E-428F-48A5-BD44-D7DD40F2B7A4}.Release|Any CPU.Build.0 = Release|Any CPU
		{515F3245-F2E0-48EC-ADF3-7053A572976F}.Debug|Any CPU.ActiveCfg = Debug|Any CPU
		{515F3245-F2E0-48EC-ADF3-7053A572976F}.Debug|Any CPU.Build.0 = Debug|Any CPU
		{515F3245-F2E0-48EC-ADF3-7053A572976F}.Release|Any CPU.ActiveCfg = Release|Any CPU
		{515F3245-F2E0-48EC-ADF3-7053A572976F}.Release|Any CPU.Build.0 = Release|Any CPU
		{58D908DD-8971-456C-BFB6-5D58B2F657B0}.Debug|Any CPU.ActiveCfg = Debug|Any CPU
		{58D908DD-8971-456C-BFB6-5D58B2F657B0}.Debug|Any CPU.Build.0 = Debug|Any CPU
		{58D908DD-8971-456C-BFB6-5D58B2F657B0}.Release|Any CPU.ActiveCfg = Release|Any CPU
		{58D908DD-8971-456C-BFB6-5D58B2F657B0}.Release|Any CPU.Build.0 = Release|Any CPU
		{E203CA0F-1690-469C-8587-D94EA6AFEA52}.Debug|Any CPU.ActiveCfg = Debug|Any CPU
		{E203CA0F-1690-469C-8587-D94EA6AFEA52}.Debug|Any CPU.Build.0 = Debug|Any CPU
		{E203CA0F-1690-469C-8587-D94EA6AFEA52}.Release|Any CPU.ActiveCfg = Release|Any CPU
		{E203CA0F-1690-469C-8587-D94EA6AFEA52}.Release|Any CPU.Build.0 = Release|Any CPU
		{BB8962E8-C43E-4F1A-B9D9-C2906726F4C4}.Debug|Any CPU.ActiveCfg = Debug|Any CPU
		{BB8962E8-C43E-4F1A-B9D9-C2906726F4C4}.Debug|Any CPU.Build.0 = Debug|Any CPU
		{BB8962E8-C43E-4F1A-B9D9-C2906726F4C4}.Release|Any CPU.ActiveCfg = Release|Any CPU
		{BB8962E8-C43E-4F1A-B9D9-C2906726F4C4}.Release|Any CPU.Build.0 = Release|Any CPU
		{33EFAEEB-D8C5-42DF-A72B-0F5253BAB55E}.Debug|Any CPU.ActiveCfg = Debug|Any CPU
		{33EFAEEB-D8C5-42DF-A72B-0F5253BAB55E}.Debug|Any CPU.Build.0 = Debug|Any CPU
		{33EFAEEB-D8C5-42DF-A72B-0F5253BAB55E}.Release|Any CPU.ActiveCfg = Release|Any CPU
		{33EFAEEB-D8C5-42DF-A72B-0F5253BAB55E}.Release|Any CPU.Build.0 = Release|Any CPU
		{72A0DA70-7988-482C-8179-EC3E43D8B19F}.Debug|Any CPU.ActiveCfg = Debug|Any CPU
		{72A0DA70-7988-482C-8179-EC3E43D8B19F}.Debug|Any CPU.Build.0 = Debug|Any CPU
		{72A0DA70-7988-482C-8179-EC3E43D8B19F}.Release|Any CPU.ActiveCfg = Release|Any CPU
		{72A0DA70-7988-482C-8179-EC3E43D8B19F}.Release|Any CPU.Build.0 = Release|Any CPU
		{E9C3F2A5-EDB2-4891-A3AF-5FA6CEB96EF7}.Debug|Any CPU.ActiveCfg = Debug|Any CPU
		{E9C3F2A5-EDB2-4891-A3AF-5FA6CEB96EF7}.Debug|Any CPU.Build.0 = Debug|Any CPU
		{E9C3F2A5-EDB2-4891-A3AF-5FA6CEB96EF7}.Release|Any CPU.ActiveCfg = Release|Any CPU
		{E9C3F2A5-EDB2-4891-A3AF-5FA6CEB96EF7}.Release|Any CPU.Build.0 = Release|Any CPU
	EndGlobalSection
	GlobalSection(SolutionProperties) = preSolution
		HideSolutionNode = FALSE
	EndGlobalSection
	GlobalSection(ExtensibilityGlobals) = postSolution
		SolutionGuid = {1330D645-6995-4489-9F74-005E4B96EFFA}
	EndGlobalSection
EndGlobal
